
Microsoft Visual Studio Solution File, Format Version 12.00
# Visual Studio Version 17
VisualStudioVersion = 17.4.33213.308
MinimumVisualStudioVersion = 10.0.40219.1
Project("{FAE04EC0-301F-11D3-BF4B-00C04F79EFBC}") = "Week4Loops", "Week4Loops\Week4Loops.csproj", "{D14FC425-E288-4BAE-831D-3EC37EE2A72E}"
EndProject
Project("{FAE04EC0-301F-11D3-BF4B-00C04F79EFBC}") = "ForLoopSum", "ForLoopSum\ForLoopSum.csproj", "{BC86FAD1-31B6-40DC-B28E-794D6566C4ED}"
EndProject
Project("{FAE04EC0-301F-11D3-BF4B-00C04F79EFBC}") = "RandomNumber", "RandomNumber\RandomNumber.csproj", "{E4B5E3B7-7E38-445B-A72C-DC6A978EA374}"
EndProject
Project("{FAE04EC0-301F-11D3-BF4B-00C04F79EFBC}") = "WhileLoops", "WhileLoops\WhileLoops.csproj", "{E401262D-7F82-4D11-ADE4-EFE64D057C28}"
EndProject
Global
	GlobalSection(SolutionConfigurationPlatforms) = preSolution
		Debug|Any CPU = Debug|Any CPU
		Release|Any CPU = Release|Any CPU
	EndGlobalSection
	GlobalSection(ProjectConfigurationPlatforms) = postSolution
		{D14FC425-E288-4BAE-831D-3EC37EE2A72E}.Debug|Any CPU.ActiveCfg = Debug|Any CPU
		{D14FC425-E288-4BAE-831D-3EC37EE2A72E}.Debug|Any CPU.Build.0 = Debug|Any CPU
		{D14FC425-E288-4BAE-831D-3EC37EE2A72E}.Release|Any CPU.ActiveCfg = Release|Any CPU
		{D14FC425-E288-4BAE-831D-3EC37EE2A72E}.Release|Any CPU.Build.0 = Release|Any CPU
		{BC86FAD1-31B6-40DC-B28E-794D6566C4ED}.Debug|Any CPU.ActiveCfg = Debug|Any CPU
		{BC86FAD1-31B6-40DC-B28E-794D6566C4ED}.Debug|Any CPU.Build.0 = Debug|Any CPU
		{BC86FAD1-31B6-40DC-B28E-794D6566C4ED}.Release|Any CPU.ActiveCfg = Release|Any CPU
		{BC86FAD1-31B6-40DC-B28E-794D6566C4ED}.Release|Any CPU.Build.0 = Release|Any CPU
		{E4B5E3B7-7E38-445B-A72C-DC6A978EA374}.Debug|Any CPU.ActiveCfg = Debug|Any CPU
		{E4B5E3B7-7E38-445B-A72C-DC6A978EA374}.Debug|Any CPU.Build.0 = Debug|Any CPU
		{E4B5E3B7-7E38-445B-A72C-DC6A978EA374}.Release|Any CPU.ActiveCfg = Release|Any CPU
		{E4B5E3B7-7E38-445B-A72C-DC6A978EA374}.Release|Any CPU.Build.0 = Release|Any CPU
		{E401262D-7F82-4D11-ADE4-EFE64D057C28}.Debug|Any CPU.ActiveCfg = Debug|Any CPU
		{E401262D-7F82-4D11-ADE4-EFE64D057C28}.Debug|Any CPU.Build.0 = Debug|Any CPU
		{E401262D-7F82-4D11-ADE4-EFE64D057C28}.Release|Any CPU.ActiveCfg = Release|Any CPU
		{E401262D-7F82-4D11-ADE4-EFE64D057C28}.Release|Any CPU.Build.0 = Release|Any CPU
	EndGlobalSection
	GlobalSection(SolutionProperties) = preSolution
		HideSolutionNode = FALSE
	EndGlobalSection
	GlobalSection(ExtensibilityGlobals) = postSolution
		SolutionGuid = {2E818B21-A4C0-4420-B266-785B424D37B4}
	EndGlobalSection
EndGlobal
